
Microsoft Visual Studio Solution File, Format Version 12.00
# Visual Studio Version 16
VisualStudioVersion = 16.0.31105.61
MinimumVisualStudioVersion = 10.0.40219.1
Project("{8BC9CEB8-8B4A-11D0-8D11-00A0C91BC942}") = "Tetris", "Tetris\Tetris.vcxproj", "{56FEF452-4225-43F6-987A-DD74C071EFCE}"
EndProject
Project("{54435603-DBB4-11D2-8724-00A0C9A8B90C}") = "SetupTetris", "SetupTetris\SetupTetris.vdproj", "{BC6C30C4-35F4-4A86-9B5C-2BD23C2C1842}"
EndProject
Global
	GlobalSection(SolutionConfigurationPlatforms) = preSolution
		Debug|x64 = Debug|x64
		Debug|x86 = Debug|x86
		Release|x64 = Release|x64
		Release|x86 = Release|x86
	EndGlobalSection
	GlobalSection(ProjectConfigurationPlatforms) = postSolution
		{56FEF452-4225-43F6-987A-DD74C071EFCE}.Debug|x64.ActiveCfg = Debug|x64
		{56FEF452-4225-43F6-987A-DD74C071EFCE}.Debug|x64.Build.0 = Debug|x64
		{56FEF452-4225-43F6-987A-DD74C071EFCE}.Debug|x86.ActiveCfg = Debug|Win32
		{56FEF452-4225-43F6-987A-DD74C071EFCE}.Debug|x86.Build.0 = Debug|Win32
		{56FEF452-4225-43F6-987A-DD74C071EFCE}.Release|x64.ActiveCfg = Release|x64
		{56FEF452-4225-43F6-987A-DD74C071EFCE}.Release|x64.Build.0 = Release|x64
		{56FEF452-4225-43F6-987A-DD74C071EFCE}.Release|x86.ActiveCfg = Release|Win32
		{56FEF452-4225-43F6-987A-DD74C071EFCE}.Release|x86.Build.0 = Release|Win32
		{BC6C30C4-35F4-4A86-9B5C-2BD23C2C1842}.Debug|x64.ActiveCfg = Debug
		{BC6C30C4-35F4-4A86-9B5C-2BD23C2C1842}.Debug|x86.ActiveCfg = Debug
		{BC6C30C4-35F4-4A86-9B5C-2BD23C2C1842}.Release|x64.ActiveCfg = Release
		{BC6C30C4-35F4-4A86-9B5C-2BD23C2C1842}.Release|x86.ActiveCfg = Release
	EndGlobalSection
	GlobalSection(SolutionProperties) = preSolution
		HideSolutionNode = FALSE
	EndGlobalSection
	GlobalSection(ExtensibilityGlobals) = postSolution
		SolutionGuid = {0C20C8BD-C2EB-4CF5-8907-E6DCAD6EDD89}
	EndGlobalSection
EndGlobal
